
Microsoft Visual Studio Solution File, Format Version 12.00
# Visual Studio 15
VisualStudioVersion = 15.0.27130.2036
MinimumVisualStudioVersion = 10.0.40219.1
Project("{FAE04EC0-301F-11D3-BF4B-00C04F79EFBC}") = "program2", "program2\program2.csproj", "{EC82A1F0-F8B3-48DC-A184-DE5422DBA906}"
EndProject
Global
	GlobalSection(SolutionConfigurationPlatforms) = preSolution
		Debug|Any CPU = Debug|Any CPU
		Release|Any CPU = Release|Any CPU
	EndGlobalSection
	GlobalSection(ProjectConfigurationPlatforms) = postSolution
		{EC82A1F0-F8B3-48DC-A184-DE5422DBA906}.Debug|Any CPU.ActiveCfg = Debug|Any CPU
		{EC82A1F0-F8B3-48DC-A184-DE5422DBA906}.Debug|Any CPU.Build.0 = Debug|Any CPU
		{EC82A1F0-F8B3-48DC-A184-DE5422DBA906}.Release|Any CPU.ActiveCfg = Release|Any CPU
		{EC82A1F0-F8B3-48DC-A184-DE5422DBA906}.Release|Any CPU.Build.0 = Release|Any CPU
	EndGlobalSection
	GlobalSection(SolutionProperties) = preSolution
		HideSolutionNode = FALSE
	EndGlobalSection
	GlobalSection(ExtensibilityGlobals) = postSolution
		SolutionGuid = {FCCAECA8-9ACC-424A-8CFC-07C9AD6DEC5C}
	EndGlobalSection
EndGlobal
