
Microsoft Visual Studio Solution File, Format Version 12.00
# Visual Studio 15
VisualStudioVersion = 15.0.27130.2036
MinimumVisualStudioVersion = 10.0.40219.1
Project("{FAE04EC0-301F-11D3-BF4B-00C04F79EFBC}") = "program3", "program3\program3.csproj", "{85B50181-D53B-427A-8D63-C03A782D4EA3}"
EndProject
Global
	GlobalSection(SolutionConfigurationPlatforms) = preSolution
		Debug|Any CPU = Debug|Any CPU
		Release|Any CPU = Release|Any CPU
	EndGlobalSection
	GlobalSection(ProjectConfigurationPlatforms) = postSolution
		{85B50181-D53B-427A-8D63-C03A782D4EA3}.Debug|Any CPU.ActiveCfg = Debug|Any CPU
		{85B50181-D53B-427A-8D63-C03A782D4EA3}.Debug|Any CPU.Build.0 = Debug|Any CPU
		{85B50181-D53B-427A-8D63-C03A782D4EA3}.Release|Any CPU.ActiveCfg = Release|Any CPU
		{85B50181-D53B-427A-8D63-C03A782D4EA3}.Release|Any CPU.Build.0 = Release|Any CPU
	EndGlobalSection
	GlobalSection(SolutionProperties) = preSolution
		HideSolutionNode = FALSE
	EndGlobalSection
	GlobalSection(ExtensibilityGlobals) = postSolution
		SolutionGuid = {358E2B1F-98C8-4AC9-984D-CB8D3D980C0C}
	EndGlobalSection
EndGlobal
